
Microsoft Visual Studio Solution File, Format Version 12.00
# Visual Studio Version 16
VisualStudioVersion = 16.0.31129.286
MinimumVisualStudioVersion = 10.0.40219.1
Project("{00D1A9C2-B5F0-4AF3-8072-F6C62B433612}") = "TCT.FitApp.DB", "TCT.FitApp.DB\TCT.FitApp.DB.sqlproj", "{3BE0CE31-51C2-4B5E-9F7D-CD841E8F571B}"
EndProject
Project("{9A19103F-16F7-4668-BE54-9A1E7A4F7556}") = "TCT.FitApp.PL", "TCT.FitApp.PL\TCT.FitApp.PL.csproj", "{F8E30A03-0210-4CC6-B583-070F68CB2FAB}"
EndProject
Project("{9A19103F-16F7-4668-BE54-9A1E7A4F7556}") = "TCT.FitApp.BL.Models", "TCT.FitApp.BL.Models\TCT.FitApp.BL.Models.csproj", "{6E8B317D-AFD9-4B0E-B7C9-8E08F503B1B2}"
EndProject
Project("{9A19103F-16F7-4668-BE54-9A1E7A4F7556}") = "TCT.FitApp.BL", "TCT.FitApp.BL\TCT.FitApp.BL.csproj", "{CEAF086A-02F0-4B3E-9A1F-937253EECE2D}"
EndProject
Project("{9A19103F-16F7-4668-BE54-9A1E7A4F7556}") = "TCT.FitApp.PL.Test", "TCT.FitApp.PL.Test\TCT.FitApp.PL.Test.csproj", "{1C1325A0-45E1-48C9-8619-2C55E5190BA1}"
EndProject
Project("{9A19103F-16F7-4668-BE54-9A1E7A4F7556}") = "TCT.FitApp.BL.Test", "TCT.FitApp.BL.Test\TCT.FitApp.BL.Test.csproj", "{2EC509E0-8384-4731-BA02-758C8DF542E3}"
EndProject
Project("{9A19103F-16F7-4668-BE54-9A1E7A4F7556}") = "TCT.FitApp.API", "TCT.FitApp.API\TCT.FitApp.API.csproj", "{74F874C3-2D56-4D6F-A801-488926EC87AA}"
EndProject
Project("{9A19103F-16F7-4668-BE54-9A1E7A4F7556}") = "TCT.FitApp.API.Test", "TCT.FitApp.API.Test\TCT.FitApp.API.Test.csproj", "{7F7105F5-846D-4997-97E0-BD8C50F9CFF8}"
EndProject
Project("{2150E333-8FDC-42A3-9474-1A3956D46DE8}") = "Misc", "Misc", "{95A1421C-D7D0-4DB4-AEAB-3CB221DE7CD7}"
EndProject
Project("{9A19103F-16F7-4668-BE54-9A1E7A4F7556}") = "Nutritionix", "Nutritionix\Nutritionix.csproj", "{599A55D2-0879-4F70-85D7-B612B3F70B9A}"
EndProject
Project("{FAE04EC0-301F-11D3-BF4B-00C04F79EFBC}") = "TCT.FitApp.Mobile.Android", "TCT.FitApp.Mobile\TCT.FitApp.Mobile.Android\TCT.FitApp.Mobile.Android.csproj", "{39CEAB60-3249-4C46-96A0-41C00A7FAB7D}"
EndProject
Project("{FAE04EC0-301F-11D3-BF4B-00C04F79EFBC}") = "TCT.FitApp.Mobile.iOS", "TCT.FitApp.Mobile\TCT.FitApp.Mobile.iOS\TCT.FitApp.Mobile.iOS.csproj", "{D68EDAF4-A9B6-4CF1-94E6-630139BDBC24}"
EndProject
Project("{FAE04EC0-301F-11D3-BF4B-00C04F79EFBC}") = "TCT.FitApp.Mobile", "TCT.FitApp.Mobile\TCT.FitApp.Mobile\TCT.FitApp.Mobile.csproj", "{2978D2F4-2A4A-480D-B20D-B0F4A1C457B0}"
EndProject
Project("{FAE04EC0-301F-11D3-BF4B-00C04F79EFBC}") = "TCT.FitApp.WPF", "TCT.FitApp.WPF\TCT.FitApp.WPF.csproj", "{2F4DF36B-719F-4454-B297-776BEDBBE479}"
EndProject
Global
	GlobalSection(SolutionConfigurationPlatforms) = preSolution
		Debug|Any CPU = Debug|Any CPU
		Debug|iPhone = Debug|iPhone
		Debug|iPhoneSimulator = Debug|iPhoneSimulator
		Release|Any CPU = Release|Any CPU
		Release|iPhone = Release|iPhone
		Release|iPhoneSimulator = Release|iPhoneSimulator
	EndGlobalSection
	GlobalSection(ProjectConfigurationPlatforms) = postSolution
		{3BE0CE31-51C2-4B5E-9F7D-CD841E8F571B}.Debug|Any CPU.ActiveCfg = Debug|Any CPU
		{3BE0CE31-51C2-4B5E-9F7D-CD841E8F571B}.Debug|Any CPU.Build.0 = Debug|Any CPU
		{3BE0CE31-51C2-4B5E-9F7D-CD841E8F571B}.Debug|Any CPU.Deploy.0 = Debug|Any CPU
		{3BE0CE31-51C2-4B5E-9F7D-CD841E8F571B}.Debug|iPhone.ActiveCfg = Debug|Any CPU
		{3BE0CE31-51C2-4B5E-9F7D-CD841E8F571B}.Debug|iPhone.Build.0 = Debug|Any CPU
		{3BE0CE31-51C2-4B5E-9F7D-CD841E8F571B}.Debug|iPhone.Deploy.0 = Debug|Any CPU
		{3BE0CE31-51C2-4B5E-9F7D-CD841E8F571B}.Debug|iPhoneSimulator.ActiveCfg = Debug|Any CPU
		{3BE0CE31-51C2-4B5E-9F7D-CD841E8F571B}.Debug|iPhoneSimulator.Build.0 = Debug|Any CPU
		{3BE0CE31-51C2-4B5E-9F7D-CD841E8F571B}.Debug|iPhoneSimulator.Deploy.0 = Debug|Any CPU
		{3BE0CE31-51C2-4B5E-9F7D-CD841E8F571B}.Release|Any CPU.ActiveCfg = Release|Any CPU
		{3BE0CE31-51C2-4B5E-9F7D-CD841E8F571B}.Release|Any CPU.Build.0 = Release|Any CPU
		{3BE0CE31-51C2-4B5E-9F7D-CD841E8F571B}.Release|Any CPU.Deploy.0 = Release|Any CPU
		{3BE0CE31-51C2-4B5E-9F7D-CD841E8F571B}.Release|iPhone.ActiveCfg = Release|Any CPU
		{3BE0CE31-51C2-4B5E-9F7D-CD841E8F571B}.Release|iPhone.Build.0 = Release|Any CPU
		{3BE0CE31-51C2-4B5E-9F7D-CD841E8F571B}.Release|iPhone.Deploy.0 = Release|Any CPU
		{3BE0CE31-51C2-4B5E-9F7D-CD841E8F571B}.Release|iPhoneSimulator.ActiveCfg = Release|Any CPU
		{3BE0CE31-51C2-4B5E-9F7D-CD841E8F571B}.Release|iPhoneSimulator.Build.0 = Release|Any CPU
		{3BE0CE31-51C2-4B5E-9F7D-CD841E8F571B}.Release|iPhoneSimulator.Deploy.0 = Release|Any CPU
		{F8E30A03-0210-4CC6-B583-070F68CB2FAB}.Debug|Any CPU.ActiveCfg = Debug|Any CPU
		{F8E30A03-0210-4CC6-B583-070F68CB2FAB}.Debug|Any CPU.Build.0 = Debug|Any CPU
		{F8E30A03-0210-4CC6-B583-070F68CB2FAB}.Debug|iPhone.ActiveCfg = Debug|Any CPU
		{F8E30A03-0210-4CC6-B583-070F68CB2FAB}.Debug|iPhone.Build.0 = Debug|Any CPU
		{F8E30A03-0210-4CC6-B583-070F68CB2FAB}.Debug|iPhoneSimulator.ActiveCfg = Debug|Any CPU
		{F8E30A03-0210-4CC6-B583-070F68CB2FAB}.Debug|iPhoneSimulator.Build.0 = Debug|Any CPU
		{F8E30A03-0210-4CC6-B583-070F68CB2FAB}.Release|Any CPU.ActiveCfg = Release|Any CPU
		{F8E30A03-0210-4CC6-B583-070F68CB2FAB}.Release|Any CPU.Build.0 = Release|Any CPU
		{F8E30A03-0210-4CC6-B583-070F68CB2FAB}.Release|iPhone.ActiveCfg = Release|Any CPU
		{F8E30A03-0210-4CC6-B583-070F68CB2FAB}.Release|iPhone.Build.0 = Release|Any CPU
		{F8E30A03-0210-4CC6-B583-070F68CB2FAB}.Release|iPhoneSimulator.ActiveCfg = Release|Any CPU
		{F8E30A03-0210-4CC6-B583-070F68CB2FAB}.Release|iPhoneSimulator.Build.0 = Release|Any CPU
		{6E8B317D-AFD9-4B0E-B7C9-8E08F503B1B2}.Debug|Any CPU.ActiveCfg = Debug|Any CPU
		{6E8B317D-AFD9-4B0E-B7C9-8E08F503B1B2}.Debug|Any CPU.Build.0 = Debug|Any CPU
		{6E8B317D-AFD9-4B0E-B7C9-8E08F503B1B2}.Debug|iPhone.ActiveCfg = Debug|Any CPU
		{6E8B317D-AFD9-4B0E-B7C9-8E08F503B1B2}.Debug|iPhone.Build.0 = Debug|Any CPU
		{6E8B317D-AFD9-4B0E-B7C9-8E08F503B1B2}.Debug|iPhoneSimulator.ActiveCfg = Debug|Any CPU
		{6E8B317D-AFD9-4B0E-B7C9-8E08F503B1B2}.Debug|iPhoneSimulator.Build.0 = Debug|Any CPU
		{6E8B317D-AFD9-4B0E-B7C9-8E08F503B1B2}.Release|Any CPU.ActiveCfg = Release|Any CPU
		{6E8B317D-AFD9-4B0E-B7C9-8E08F503B1B2}.Release|Any CPU.Build.0 = Release|Any CPU
		{6E8B317D-AFD9-4B0E-B7C9-8E08F503B1B2}.Release|iPhone.ActiveCfg = Release|Any CPU
		{6E8B317D-AFD9-4B0E-B7C9-8E08F503B1B2}.Release|iPhone.Build.0 = Release|Any CPU
		{6E8B317D-AFD9-4B0E-B7C9-8E08F503B1B2}.Release|iPhoneSimulator.ActiveCfg = Release|Any CPU
		{6E8B317D-AFD9-4B0E-B7C9-8E08F503B1B2}.Release|iPhoneSimulator.Build.0 = Release|Any CPU
		{CEAF086A-02F0-4B3E-9A1F-937253EECE2D}.Debug|Any CPU.ActiveCfg = Debug|Any CPU
		{CEAF086A-02F0-4B3E-9A1F-937253EECE2D}.Debug|Any CPU.Build.0 = Debug|Any CPU
		{CEAF086A-02F0-4B3E-9A1F-937253EECE2D}.Debug|iPhone.ActiveCfg = Debug|Any CPU
		{CEAF086A-02F0-4B3E-9A1F-937253EECE2D}.Debug|iPhone.Build.0 = Debug|Any CPU
		{CEAF086A-02F0-4B3E-9A1F-937253EECE2D}.Debug|iPhoneSimulator.ActiveCfg = Debug|Any CPU
		{CEAF086A-02F0-4B3E-9A1F-937253EECE2D}.Debug|iPhoneSimulator.Build.0 = Debug|Any CPU
		{CEAF086A-02F0-4B3E-9A1F-937253EECE2D}.Release|Any CPU.ActiveCfg = Release|Any CPU
		{CEAF086A-02F0-4B3E-9A1F-937253EECE2D}.Release|Any CPU.Build.0 = Release|Any CPU
		{CEAF086A-02F0-4B3E-9A1F-937253EECE2D}.Release|iPhone.ActiveCfg = Release|Any CPU
		{CEAF086A-02F0-4B3E-9A1F-937253EECE2D}.Release|iPhone.Build.0 = Release|Any CPU
		{CEAF086A-02F0-4B3E-9A1F-937253EECE2D}.Release|iPhoneSimulator.ActiveCfg = Release|Any CPU
		{CEAF086A-02F0-4B3E-9A1F-937253EECE2D}.Release|iPhoneSimulator.Build.0 = Release|Any CPU
		{1C1325A0-45E1-48C9-8619-2C55E5190BA1}.Debug|Any CPU.ActiveCfg = Debug|Any CPU
		{1C1325A0-45E1-48C9-8619-2C55E5190BA1}.Debug|Any CPU.Build.0 = Debug|Any CPU
		{1C1325A0-45E1-48C9-8619-2C55E5190BA1}.Debug|iPhone.ActiveCfg = Debug|Any CPU
		{1C1325A0-45E1-48C9-8619-2C55E5190BA1}.Debug|iPhone.Build.0 = Debug|Any CPU
		{1C1325A0-45E1-48C9-8619-2C55E5190BA1}.Debug|iPhoneSimulator.ActiveCfg = Debug|Any CPU
		{1C1325A0-45E1-48C9-8619-2C55E5190BA1}.Debug|iPhoneSimulator.Build.0 = Debug|Any CPU
		{1C1325A0-45E1-48C9-8619-2C55E5190BA1}.Release|Any CPU.ActiveCfg = Release|Any CPU
		{1C1325A0-45E1-48C9-8619-2C55E5190BA1}.Release|Any CPU.Build.0 = Release|Any CPU
		{1C1325A0-45E1-48C9-8619-2C55E5190BA1}.Release|iPhone.ActiveCfg = Release|Any CPU
		{1C1325A0-45E1-48C9-8619-2C55E5190BA1}.Release|iPhone.Build.0 = Release|Any CPU
		{1C1325A0-45E1-48C9-8619-2C55E5190BA1}.Release|iPhoneSimulator.ActiveCfg = Release|Any CPU
		{1C1325A0-45E1-48C9-8619-2C55E5190BA1}.Release|iPhoneSimulator.Build.0 = Release|Any CPU
		{2EC509E0-8384-4731-BA02-758C8DF542E3}.Debug|Any CPU.ActiveCfg = Debug|Any CPU
		{2EC509E0-8384-4731-BA02-758C8DF542E3}.Debug|Any CPU.Build.0 = Debug|Any CPU
		{2EC509E0-8384-4731-BA02-758C8DF542E3}.Debug|iPhone.ActiveCfg = Debug|Any CPU
		{2EC509E0-8384-4731-BA02-758C8DF542E3}.Debug|iPhone.Build.0 = Debug|Any CPU
		{2EC509E0-8384-4731-BA02-758C8DF542E3}.Debug|iPhoneSimulator.ActiveCfg = Debug|Any CPU
		{2EC509E0-8384-4731-BA02-758C8DF542E3}.Debug|iPhoneSimulator.Build.0 = Debug|Any CPU
		{2EC509E0-8384-4731-BA02-758C8DF542E3}.Release|Any CPU.ActiveCfg = Release|Any CPU
		{2EC509E0-8384-4731-BA02-758C8DF542E3}.Release|Any CPU.Build.0 = Release|Any CPU
		{2EC509E0-8384-4731-BA02-758C8DF542E3}.Release|iPhone.ActiveCfg = Release|Any CPU
		{2EC509E0-8384-4731-BA02-758C8DF542E3}.Release|iPhone.Build.0 = Release|Any CPU
		{2EC509E0-8384-4731-BA02-758C8DF542E3}.Release|iPhoneSimulator.ActiveCfg = Release|Any CPU
		{2EC509E0-8384-4731-BA02-758C8DF542E3}.Release|iPhoneSimulator.Build.0 = Release|Any CPU
		{74F874C3-2D56-4D6F-A801-488926EC87AA}.Debug|Any CPU.ActiveCfg = Debug|Any CPU
		{74F874C3-2D56-4D6F-A801-488926EC87AA}.Debug|Any CPU.Build.0 = Debug|Any CPU
		{74F874C3-2D56-4D6F-A801-488926EC87AA}.Debug|iPhone.ActiveCfg = Debug|Any CPU
		{74F874C3-2D56-4D6F-A801-488926EC87AA}.Debug|iPhone.Build.0 = Debug|Any CPU
		{74F874C3-2D56-4D6F-A801-488926EC87AA}.Debug|iPhoneSimulator.ActiveCfg = Debug|Any CPU
		{74F874C3-2D56-4D6F-A801-488926EC87AA}.Debug|iPhoneSimulator.Build.0 = Debug|Any CPU
		{74F874C3-2D56-4D6F-A801-488926EC87AA}.Release|Any CPU.ActiveCfg = Release|Any CPU
		{74F874C3-2D56-4D6F-A801-488926EC87AA}.Release|Any CPU.Build.0 = Release|Any CPU
		{74F874C3-2D56-4D6F-A801-488926EC87AA}.Release|iPhone.ActiveCfg = Release|Any CPU
		{74F874C3-2D56-4D6F-A801-488926EC87AA}.Release|iPhone.Build.0 = Release|Any CPU
		{74F874C3-2D56-4D6F-A801-488926EC87AA}.Release|iPhoneSimulator.ActiveCfg = Release|Any CPU
		{74F874C3-2D56-4D6F-A801-488926EC87AA}.Release|iPhoneSimulator.Build.0 = Release|Any CPU
		{7F7105F5-846D-4997-97E0-BD8C50F9CFF8}.Debug|Any CPU.ActiveCfg = Debug|Any CPU
		{7F7105F5-846D-4997-97E0-BD8C50F9CFF8}.Debug|Any CPU.Build.0 = Debug|Any CPU
		{7F7105F5-846D-4997-97E0-BD8C50F9CFF8}.Debug|iPhone.ActiveCfg = Debug|Any CPU
		{7F7105F5-846D-4997-97E0-BD8C50F9CFF8}.Debug|iPhone.Build.0 = Debug|Any CPU
		{7F7105F5-846D-4997-97E0-BD8C50F9CFF8}.Debug|iPhoneSimulator.ActiveCfg = Debug|Any CPU
		{7F7105F5-846D-4997-97E0-BD8C50F9CFF8}.Debug|iPhoneSimulator.Build.0 = Debug|Any CPU
		{7F7105F5-846D-4997-97E0-BD8C50F9CFF8}.Release|Any CPU.ActiveCfg = Release|Any CPU
		{7F7105F5-846D-4997-97E0-BD8C50F9CFF8}.Release|Any CPU.Build.0 = Release|Any CPU
		{7F7105F5-846D-4997-97E0-BD8C50F9CFF8}.Release|iPhone.ActiveCfg = Release|Any CPU
		{7F7105F5-846D-4997-97E0-BD8C50F9CFF8}.Release|iPhone.Build.0 = Release|Any CPU
		{7F7105F5-846D-4997-97E0-BD8C50F9CFF8}.Release|iPhoneSimulator.ActiveCfg = Release|Any CPU
		{7F7105F5-846D-4997-97E0-BD8C50F9CFF8}.Release|iPhoneSimulator.Build.0 = Release|Any CPU
		{599A55D2-0879-4F70-85D7-B612B3F70B9A}.Debug|Any CPU.ActiveCfg = Debug|Any CPU
		{599A55D2-0879-4F70-85D7-B612B3F70B9A}.Debug|Any CPU.Build.0 = Debug|Any CPU
		{599A55D2-0879-4F70-85D7-B612B3F70B9A}.Debug|iPhone.ActiveCfg = Debug|Any CPU
		{599A55D2-0879-4F70-85D7-B612B3F70B9A}.Debug|iPhone.Build.0 = Debug|Any CPU
		{599A55D2-0879-4F70-85D7-B612B3F70B9A}.Debug|iPhoneSimulator.ActiveCfg = Debug|Any CPU
		{599A55D2-0879-4F70-85D7-B612B3F70B9A}.Debug|iPhoneSimulator.Build.0 = Debug|Any CPU
		{599A55D2-0879-4F70-85D7-B612B3F70B9A}.Release|Any CPU.ActiveCfg = Release|Any CPU
		{599A55D2-0879-4F70-85D7-B612B3F70B9A}.Release|Any CPU.Build.0 = Release|Any CPU
		{599A55D2-0879-4F70-85D7-B612B3F70B9A}.Release|iPhone.ActiveCfg = Release|Any CPU
		{599A55D2-0879-4F70-85D7-B612B3F70B9A}.Release|iPhone.Build.0 = Release|Any CPU
		{599A55D2-0879-4F70-85D7-B612B3F70B9A}.Release|iPhoneSimulator.ActiveCfg = Release|Any CPU
		{599A55D2-0879-4F70-85D7-B612B3F70B9A}.Release|iPhoneSimulator.Build.0 = Release|Any CPU
		{39CEAB60-3249-4C46-96A0-41C00A7FAB7D}.Debug|Any CPU.ActiveCfg = Debug|Any CPU
		{39CEAB60-3249-4C46-96A0-41C00A7FAB7D}.Debug|Any CPU.Build.0 = Debug|Any CPU
		{39CEAB60-3249-4C46-96A0-41C00A7FAB7D}.Debug|Any CPU.Deploy.0 = Debug|Any CPU
		{39CEAB60-3249-4C46-96A0-41C00A7FAB7D}.Debug|iPhone.ActiveCfg = Debug|Any CPU
		{39CEAB60-3249-4C46-96A0-41C00A7FAB7D}.Debug|iPhone.Build.0 = Debug|Any CPU
		{39CEAB60-3249-4C46-96A0-41C00A7FAB7D}.Debug|iPhone.Deploy.0 = Debug|Any CPU
		{39CEAB60-3249-4C46-96A0-41C00A7FAB7D}.Debug|iPhoneSimulator.ActiveCfg = Debug|Any CPU
		{39CEAB60-3249-4C46-96A0-41C00A7FAB7D}.Debug|iPhoneSimulator.Build.0 = Debug|Any CPU
		{39CEAB60-3249-4C46-96A0-41C00A7FAB7D}.Debug|iPhoneSimulator.Deploy.0 = Debug|Any CPU
		{39CEAB60-3249-4C46-96A0-41C00A7FAB7D}.Release|Any CPU.ActiveCfg = Release|Any CPU
		{39CEAB60-3249-4C46-96A0-41C00A7FAB7D}.Release|Any CPU.Build.0 = Release|Any CPU
		{39CEAB60-3249-4C46-96A0-41C00A7FAB7D}.Release|Any CPU.Deploy.0 = Release|Any CPU
		{39CEAB60-3249-4C46-96A0-41C00A7FAB7D}.Release|iPhone.ActiveCfg = Release|Any CPU
		{39CEAB60-3249-4C46-96A0-41C00A7FAB7D}.Release|iPhone.Build.0 = Release|Any CPU
		{39CEAB60-3249-4C46-96A0-41C00A7FAB7D}.Release|iPhone.Deploy.0 = Release|Any CPU
		{39CEAB60-3249-4C46-96A0-41C00A7FAB7D}.Release|iPhoneSimulator.ActiveCfg = Release|Any CPU
		{39CEAB60-3249-4C46-96A0-41C00A7FAB7D}.Release|iPhoneSimulator.Build.0 = Release|Any CPU
		{39CEAB60-3249-4C46-96A0-41C00A7FAB7D}.Release|iPhoneSimulator.Deploy.0 = Release|Any CPU
		{D68EDAF4-A9B6-4CF1-94E6-630139BDBC24}.Debug|Any CPU.ActiveCfg = Debug|iPhoneSimulator
		{D68EDAF4-A9B6-4CF1-94E6-630139BDBC24}.Debug|iPhone.ActiveCfg = Debug|iPhone
		{D68EDAF4-A9B6-4CF1-94E6-630139BDBC24}.Debug|iPhone.Build.0 = Debug|iPhone
		{D68EDAF4-A9B6-4CF1-94E6-630139BDBC24}.Debug|iPhoneSimulator.ActiveCfg = Debug|iPhoneSimulator
		{D68EDAF4-A9B6-4CF1-94E6-630139BDBC24}.Debug|iPhoneSimulator.Build.0 = Debug|iPhoneSimulator
		{D68EDAF4-A9B6-4CF1-94E6-630139BDBC24}.Release|Any CPU.ActiveCfg = Release|iPhoneSimulator
		{D68EDAF4-A9B6-4CF1-94E6-630139BDBC24}.Release|iPhone.ActiveCfg = Release|iPhone
		{D68EDAF4-A9B6-4CF1-94E6-630139BDBC24}.Release|iPhone.Build.0 = Release|iPhone
		{D68EDAF4-A9B6-4CF1-94E6-630139BDBC24}.Release|iPhoneSimulator.ActiveCfg = Release|iPhoneSimulator
		{D68EDAF4-A9B6-4CF1-94E6-630139BDBC24}.Release|iPhoneSimulator.Build.0 = Release|iPhoneSimulator
		{2978D2F4-2A4A-480D-B20D-B0F4A1C457B0}.Debug|Any CPU.ActiveCfg = Debug|Any CPU
		{2978D2F4-2A4A-480D-B20D-B0F4A1C457B0}.Debug|Any CPU.Build.0 = Debug|Any CPU
		{2978D2F4-2A4A-480D-B20D-B0F4A1C457B0}.Debug|iPhone.ActiveCfg = Debug|Any CPU
		{2978D2F4-2A4A-480D-B20D-B0F4A1C457B0}.Debug|iPhone.Build.0 = Debug|Any CPU
		{2978D2F4-2A4A-480D-B20D-B0F4A1C457B0}.Debug|iPhoneSimulator.ActiveCfg = Debug|Any CPU
		{2978D2F4-2A4A-480D-B20D-B0F4A1C457B0}.Debug|iPhoneSimulator.Build.0 = Debug|Any CPU
		{2978D2F4-2A4A-480D-B20D-B0F4A1C457B0}.Release|Any CPU.ActiveCfg = Release|Any CPU
		{2978D2F4-2A4A-480D-B20D-B0F4A1C457B0}.Release|Any CPU.Build.0 = Release|Any CPU
		{2978D2F4-2A4A-480D-B20D-B0F4A1C457B0}.Release|iPhone.ActiveCfg = Release|Any CPU
		{2978D2F4-2A4A-480D-B20D-B0F4A1C457B0}.Release|iPhone.Build.0 = Release|Any CPU
		{2978D2F4-2A4A-480D-B20D-B0F4A1C457B0}.Release|iPhoneSimulator.ActiveCfg = Release|Any CPU
		{2978D2F4-2A4A-480D-B20D-B0F4A1C457B0}.Release|iPhoneSimulator.Build.0 = Release|Any CPU
		{2F4DF36B-719F-4454-B297-776BEDBBE479}.Debug|Any CPU.ActiveCfg = Debug|Any CPU
		{2F4DF36B-719F-4454-B297-776BEDBBE479}.Debug|Any CPU.Build.0 = Debug|Any CPU
		{2F4DF36B-719F-4454-B297-776BEDBBE479}.Debug|iPhone.ActiveCfg = Debug|Any CPU
		{2F4DF36B-719F-4454-B297-776BEDBBE479}.Debug|iPhone.Build.0 = Debug|Any CPU
		{2F4DF36B-719F-4454-B297-776BEDBBE479}.Debug|iPhoneSimulator.ActiveCfg = Debug|Any CPU
		{2F4DF36B-719F-4454-B297-776BEDBBE479}.Debug|iPhoneSimulator.Build.0 = Debug|Any CPU
		{2F4DF36B-719F-4454-B297-776BEDBBE479}.Release|Any CPU.ActiveCfg = Release|Any CPU
		{2F4DF36B-719F-4454-B297-776BEDBBE479}.Release|Any CPU.Build.0 = Release|Any CPU
		{2F4DF36B-719F-4454-B297-776BEDBBE479}.Release|iPhone.ActiveCfg = Release|Any CPU
		{2F4DF36B-719F-4454-B297-776BEDBBE479}.Release|iPhone.Build.0 = Release|Any CPU
		{2F4DF36B-719F-4454-B297-776BEDBBE479}.Release|iPhoneSimulator.ActiveCfg = Release|Any CPU
		{2F4DF36B-719F-4454-B297-776BEDBBE479}.Release|iPhoneSimulator.Build.0 = Release|Any CPU
	EndGlobalSection
	GlobalSection(SolutionProperties) = preSolution
		HideSolutionNode = FALSE
	EndGlobalSection
	GlobalSection(NestedProjects) = preSolution
		{599A55D2-0879-4F70-85D7-B612B3F70B9A} = {95A1421C-D7D0-4DB4-AEAB-3CB221DE7CD7}
	EndGlobalSection
	GlobalSection(ExtensibilityGlobals) = postSolution
		SolutionGuid = {0F244B51-AABB-4600-A2D4-C301956E86D5}
	EndGlobalSection
EndGlobal
