
Microsoft Visual Studio Solution File, Format Version 12.00
# Visual Studio Version 16
VisualStudioVersion = 16.0.31129.286
MinimumVisualStudioVersion = 10.0.40219.1
Project("{00D1A9C2-B5F0-4AF3-8072-F6C62B433612}") = "TCT.FitApp.DB", "TCT.FitApp.DB\TCT.FitApp.DB.sqlproj", "{3BE0CE31-51C2-4B5E-9F7D-CD841E8F571B}"
EndProject
Project("{9A19103F-16F7-4668-BE54-9A1E7A4F7556}") = "TCT.FitApp.PL", "TCT.FitApp.PL\TCT.FitApp.PL.csproj", "{F8E30A03-0210-4CC6-B583-070F68CB2FAB}"
EndProject
Project("{9A19103F-16F7-4668-BE54-9A1E7A4F7556}") = "TCT.FitApp.BL.Models", "TCT.FitApp.BL.Models\TCT.FitApp.BL.Models.csproj", "{6E8B317D-AFD9-4B0E-B7C9-8E08F503B1B2}"
EndProject
Project("{9A19103F-16F7-4668-BE54-9A1E7A4F7556}") = "TCT.FitApp.BL", "TCT.FitApp.BL\TCT.FitApp.BL.csproj", "{CEAF086A-02F0-4B3E-9A1F-937253EECE2D}"
EndProject
Project("{FAE04EC0-301F-11D3-BF4B-00C04F79EFBC}") = "TCT.FitApp.PL.Test", "TCT.FitApp.PL.Test\TCT.FitApp.PL.Test.csproj", "{1C1325A0-45E1-48C9-8619-2C55E5190BA1}"
EndProject
Global
	GlobalSection(SolutionConfigurationPlatforms) = preSolution
		Debug|Any CPU = Debug|Any CPU
		Release|Any CPU = Release|Any CPU
	EndGlobalSection
	GlobalSection(ProjectConfigurationPlatforms) = postSolution
		{3BE0CE31-51C2-4B5E-9F7D-CD841E8F571B}.Debug|Any CPU.ActiveCfg = Debug|Any CPU
		{3BE0CE31-51C2-4B5E-9F7D-CD841E8F571B}.Debug|Any CPU.Build.0 = Debug|Any CPU
		{3BE0CE31-51C2-4B5E-9F7D-CD841E8F571B}.Debug|Any CPU.Deploy.0 = Debug|Any CPU
		{3BE0CE31-51C2-4B5E-9F7D-CD841E8F571B}.Release|Any CPU.ActiveCfg = Release|Any CPU
		{3BE0CE31-51C2-4B5E-9F7D-CD841E8F571B}.Release|Any CPU.Build.0 = Release|Any CPU
		{3BE0CE31-51C2-4B5E-9F7D-CD841E8F571B}.Release|Any CPU.Deploy.0 = Release|Any CPU
		{F8E30A03-0210-4CC6-B583-070F68CB2FAB}.Debug|Any CPU.ActiveCfg = Debug|Any CPU
		{F8E30A03-0210-4CC6-B583-070F68CB2FAB}.Debug|Any CPU.Build.0 = Debug|Any CPU
		{F8E30A03-0210-4CC6-B583-070F68CB2FAB}.Release|Any CPU.ActiveCfg = Release|Any CPU
		{F8E30A03-0210-4CC6-B583-070F68CB2FAB}.Release|Any CPU.Build.0 = Release|Any CPU
		{6E8B317D-AFD9-4B0E-B7C9-8E08F503B1B2}.Debug|Any CPU.ActiveCfg = Debug|Any CPU
		{6E8B317D-AFD9-4B0E-B7C9-8E08F503B1B2}.Debug|Any CPU.Build.0 = Debug|Any CPU
		{6E8B317D-AFD9-4B0E-B7C9-8E08F503B1B2}.Release|Any CPU.ActiveCfg = Release|Any CPU
		{6E8B317D-AFD9-4B0E-B7C9-8E08F503B1B2}.Release|Any CPU.Build.0 = Release|Any CPU
		{CEAF086A-02F0-4B3E-9A1F-937253EECE2D}.Debug|Any CPU.ActiveCfg = Debug|Any CPU
		{CEAF086A-02F0-4B3E-9A1F-937253EECE2D}.Debug|Any CPU.Build.0 = Debug|Any CPU
		{CEAF086A-02F0-4B3E-9A1F-937253EECE2D}.Release|Any CPU.ActiveCfg = Release|Any CPU
		{CEAF086A-02F0-4B3E-9A1F-937253EECE2D}.Release|Any CPU.Build.0 = Release|Any CPU
		{1C1325A0-45E1-48C9-8619-2C55E5190BA1}.Debug|Any CPU.ActiveCfg = Debug|Any CPU
		{1C1325A0-45E1-48C9-8619-2C55E5190BA1}.Debug|Any CPU.Build.0 = Debug|Any CPU
		{1C1325A0-45E1-48C9-8619-2C55E5190BA1}.Release|Any CPU.ActiveCfg = Release|Any CPU
		{1C1325A0-45E1-48C9-8619-2C55E5190BA1}.Release|Any CPU.Build.0 = Release|Any CPU
	EndGlobalSection
	GlobalSection(SolutionProperties) = preSolution
		HideSolutionNode = FALSE
	EndGlobalSection
	GlobalSection(ExtensibilityGlobals) = postSolution
		SolutionGuid = {0F244B51-AABB-4600-A2D4-C301956E86D5}
	EndGlobalSection
EndGlobal
